
Microsoft Visual Studio Solution File, Format Version 12.00
# Visual Studio Version 17
VisualStudioVersion = 17.8.34525.116
MinimumVisualStudioVersion = 10.0.40219.1
Project("{FAE04EC0-301F-11D3-BF4B-00C04F79EFBC}") = "NNuku", "NNuku\NNuku.csproj", "{3F884437-F4D9-4633-83DF-024AF2DEF159}"
EndProject
Global
	GlobalSection(SolutionConfigurationPlatforms) = preSolution
		Debug|Any CPU = Debug|Any CPU
		Release|Any CPU = Release|Any CPU
	EndGlobalSection
	GlobalSection(ProjectConfigurationPlatforms) = postSolution
		{3F884437-F4D9-4633-83DF-024AF2DEF159}.Debug|Any CPU.ActiveCfg = Debug|Any CPU
		{3F884437-F4D9-4633-83DF-024AF2DEF159}.Debug|Any CPU.Build.0 = Debug|Any CPU
		{3F884437-F4D9-4633-83DF-024AF2DEF159}.Debug|Any CPU.Deploy.0 = Debug|Any CPU
		{3F884437-F4D9-4633-83DF-024AF2DEF159}.Release|Any CPU.ActiveCfg = Release|Any CPU
		{3F884437-F4D9-4633-83DF-024AF2DEF159}.Release|Any CPU.Build.0 = Release|Any CPU
		{3F884437-F4D9-4633-83DF-024AF2DEF159}.Release|Any CPU.Deploy.0 = Release|Any CPU
	EndGlobalSection
	GlobalSection(SolutionProperties) = preSolution
		HideSolutionNode = FALSE
	EndGlobalSection
	GlobalSection(ExtensibilityGlobals) = postSolution
		SolutionGuid = {C4F5F28F-BE17-4A4C-97DD-928B584D9064}
	EndGlobalSection
EndGlobal
